
Microsoft Visual Studio Solution File, Format Version 12.00
# Visual Studio Version 16
VisualStudioVersion = 16.0.31321.278
MinimumVisualStudioVersion = 10.0.40219.1
Project("{FAE04EC0-301F-11D3-BF4B-00C04F79EFBC}") = "Csharp3_1", "Csharp3_1.csproj", "{62F47962-C22A-4E2A-98DA-835B23A372BC}"
EndProject
Project("{FAE04EC0-301F-11D3-BF4B-00C04F79EFBC}") = "Csharp3_2", "..\areasum\Csharp3_2.csproj", "{FA742E30-F476-44F8-B00E-16BA9D01B6A5}"
EndProject
Global
	GlobalSection(SolutionConfigurationPlatforms) = preSolution
		Debug|Any CPU = Debug|Any CPU
		Release|Any CPU = Release|Any CPU
	EndGlobalSection
	GlobalSection(ProjectConfigurationPlatforms) = postSolution
		{62F47962-C22A-4E2A-98DA-835B23A372BC}.Debug|Any CPU.ActiveCfg = Debug|Any CPU
		{62F47962-C22A-4E2A-98DA-835B23A372BC}.Debug|Any CPU.Build.0 = Debug|Any CPU
		{62F47962-C22A-4E2A-98DA-835B23A372BC}.Release|Any CPU.ActiveCfg = Release|Any CPU
		{62F47962-C22A-4E2A-98DA-835B23A372BC}.Release|Any CPU.Build.0 = Release|Any CPU
		{FA742E30-F476-44F8-B00E-16BA9D01B6A5}.Debug|Any CPU.ActiveCfg = Debug|Any CPU
		{FA742E30-F476-44F8-B00E-16BA9D01B6A5}.Debug|Any CPU.Build.0 = Debug|Any CPU
		{FA742E30-F476-44F8-B00E-16BA9D01B6A5}.Release|Any CPU.ActiveCfg = Release|Any CPU
		{FA742E30-F476-44F8-B00E-16BA9D01B6A5}.Release|Any CPU.Build.0 = Release|Any CPU
	EndGlobalSection
	GlobalSection(SolutionProperties) = preSolution
		HideSolutionNode = FALSE
	EndGlobalSection
	GlobalSection(ExtensibilityGlobals) = postSolution
		SolutionGuid = {09F29008-D199-4DA8-824D-2541E1B386B1}
	EndGlobalSection
EndGlobal
